
Microsoft Visual Studio Solution File, Format Version 12.00
# Visual Studio Version 16
VisualStudioVersion = 16.0.31005.135
MinimumVisualStudioVersion = 10.0.40219.1
Project("{FAE04EC0-301F-11D3-BF4B-00C04F79EFBC}") = "tiền điện", "tiền điện.csproj", "{10190F79-72D5-4F92-BB88-20642583BF9D}"
EndProject
Project("{FAE04EC0-301F-11D3-BF4B-00C04F79EFBC}") = "Bai4.3", "..\học online\NguyenThiQuynhTrang_2018601093(06_03)\bai4_3\Bai4.3.csproj", "{0CABE9DA-A0BD-4534-9DEA-189CE10B1B6F}"
EndProject
Global
	GlobalSection(SolutionConfigurationPlatforms) = preSolution
		Debug|Any CPU = Debug|Any CPU
		Release|Any CPU = Release|Any CPU
	EndGlobalSection
	GlobalSection(ProjectConfigurationPlatforms) = postSolution
		{10190F79-72D5-4F92-BB88-20642583BF9D}.Debug|Any CPU.ActiveCfg = Debug|Any CPU
		{10190F79-72D5-4F92-BB88-20642583BF9D}.Debug|Any CPU.Build.0 = Debug|Any CPU
		{10190F79-72D5-4F92-BB88-20642583BF9D}.Release|Any CPU.ActiveCfg = Release|Any CPU
		{10190F79-72D5-4F92-BB88-20642583BF9D}.Release|Any CPU.Build.0 = Release|Any CPU
		{0CABE9DA-A0BD-4534-9DEA-189CE10B1B6F}.Debug|Any CPU.ActiveCfg = Debug|Any CPU
		{0CABE9DA-A0BD-4534-9DEA-189CE10B1B6F}.Debug|Any CPU.Build.0 = Debug|Any CPU
		{0CABE9DA-A0BD-4534-9DEA-189CE10B1B6F}.Release|Any CPU.ActiveCfg = Release|Any CPU
		{0CABE9DA-A0BD-4534-9DEA-189CE10B1B6F}.Release|Any CPU.Build.0 = Release|Any CPU
	EndGlobalSection
	GlobalSection(SolutionProperties) = preSolution
		HideSolutionNode = FALSE
	EndGlobalSection
	GlobalSection(ExtensibilityGlobals) = postSolution
		SolutionGuid = {4C57A5F7-E054-472A-8B48-EEB9F52F538D}
	EndGlobalSection
EndGlobal
